
Microsoft Visual Studio Solution File, Format Version 12.00
# Visual Studio Version 16
VisualStudioVersion = 16.0.29326.143
MinimumVisualStudioVersion = 10.0.40219.1
Project("{FAE04EC0-301F-11D3-BF4B-00C04F79EFBC}") = "plag", "plag\plag.csproj", "{C6741C46-CD70-4EF2-B3B2-EB2714C61C1C}"
EndProject
Global
	GlobalSection(SolutionConfigurationPlatforms) = preSolution
		Debug|Any CPU = Debug|Any CPU
		Release|Any CPU = Release|Any CPU
	EndGlobalSection
	GlobalSection(ProjectConfigurationPlatforms) = postSolution
		{C6741C46-CD70-4EF2-B3B2-EB2714C61C1C}.Debug|Any CPU.ActiveCfg = Debug|Any CPU
		{C6741C46-CD70-4EF2-B3B2-EB2714C61C1C}.Debug|Any CPU.Build.0 = Debug|Any CPU
		{C6741C46-CD70-4EF2-B3B2-EB2714C61C1C}.Release|Any CPU.ActiveCfg = Release|Any CPU
		{C6741C46-CD70-4EF2-B3B2-EB2714C61C1C}.Release|Any CPU.Build.0 = Release|Any CPU
	EndGlobalSection
	GlobalSection(SolutionProperties) = preSolution
		HideSolutionNode = FALSE
	EndGlobalSection
	GlobalSection(ExtensibilityGlobals) = postSolution
		SolutionGuid = {3DA5063B-7AC5-4093-98B1-212F2091594C}
	EndGlobalSection
EndGlobal
